
Microsoft Visual Studio Solution File, Format Version 12.00
# Visual Studio Version 17
VisualStudioVersion = 17.2.32616.157
MinimumVisualStudioVersion = 10.0.40219.1
Project("{8BC9CEB8-8B4A-11D0-8D11-00A0C91BC942}") = "pvtengine", "pvtengine\pvtengine.vcxproj", "{8B509CC9-192E-4915-B933-B73C209F89FB}"
EndProject
Project("{8BC9CEB8-8B4A-11D0-8D11-00A0C91BC942}") = "unittest", "unittest\unittest.vcxproj", "{4967C550-3DE3-43FF-83B8-F66A3B9AD782}"
EndProject
Global
	GlobalSection(SolutionConfigurationPlatforms) = preSolution
		Debug|x64 = Debug|x64
		Release|x64 = Release|x64
	EndGlobalSection
	GlobalSection(ProjectConfigurationPlatforms) = postSolution
		{8B509CC9-192E-4915-B933-B73C209F89FB}.Debug|x64.ActiveCfg = Debug|x64
		{8B509CC9-192E-4915-B933-B73C209F89FB}.Debug|x64.Build.0 = Debug|x64
		{8B509CC9-192E-4915-B933-B73C209F89FB}.Release|x64.ActiveCfg = Release|x64
		{8B509CC9-192E-4915-B933-B73C209F89FB}.Release|x64.Build.0 = Release|x64
		{4967C550-3DE3-43FF-83B8-F66A3B9AD782}.Debug|x64.ActiveCfg = Debug|x64
		{4967C550-3DE3-43FF-83B8-F66A3B9AD782}.Debug|x64.Build.0 = Debug|x64
		{4967C550-3DE3-43FF-83B8-F66A3B9AD782}.Release|x64.ActiveCfg = Release|x64
		{4967C550-3DE3-43FF-83B8-F66A3B9AD782}.Release|x64.Build.0 = Release|x64
	EndGlobalSection
	GlobalSection(SolutionProperties) = preSolution
		HideSolutionNode = FALSE
	EndGlobalSection
	GlobalSection(ExtensibilityGlobals) = postSolution
		SolutionGuid = {7AACE24D-B26D-45AD-843C-2415980CB20E}
	EndGlobalSection
EndGlobal
