<?xml version="1.0" encoding="utf-8"?>
<Project ToolsVersion="4.0" xmlns="http://schemas.microsoft.com/developer/msbuild/2003">
  <ItemGroup>
    <ClCompile Include="pch.cpp">
      <Filter>src</Filter>
    </ClCompile>
    <ClCompile Include="scheduler_test.cpp">
      <Filter>src</Filter>
    </ClCompile>
    <ClCompile Include="calculator_test.cpp">
      <Filter>src</Filter>
    </ClCompile>
    <ClCompile Include="sampler_test.cpp" />
  </ItemGroup>
  <ItemGroup>
    <Filter Include="include">
      <UniqueIdentifier>{510342bc-5095-4ea0-aa89-6e552e132605}</UniqueIdentifier>
    </Filter>
    <Filter Include="src">
      <UniqueIdentifier>{154bd800-1b21-4e8f-9963-a950d5f35b0c}</UniqueIdentifier>
    </Filter>
  </ItemGroup>
  <ItemGroup>
    <ClInclude Include="pch.h">
      <Filter>include</Filter>
    </ClInclude>
  </ItemGroup>
  <ItemGroup>
    <None Include="packages.config" />
  </ItemGroup>
</Project>